// !$*UTF8*$!
{
	archiveVersion = 1;
	classes = {
	};
	objectVersion = 55;
	objects = {

/* Begin PBXBuildFile section */
		DB26CFD827ABFE51007DB21A /* AppDelegate.swift in Sources */ = {isa = PBXBuildFile; fileRef = DB26CFD727ABFE51007DB21A /* AppDelegate.swift */; };
		DB26CFDA27ABFE51007DB21A /* SceneDelegate.swift in Sources */ = {isa = PBXBuildFile; fileRef = DB26CFD927ABFE51007DB21A /* SceneDelegate.swift */; };
		DB26CFDC27ABFE51007DB21A /* ViewController.swift in Sources */ = {isa = PBXBuildFile; fileRef = DB26CFDB27ABFE51007DB21A /* ViewController.swift */; };
		DB26CFDF27ABFE51007DB21A /* Main.storyboard in Resources */ = {isa = PBXBuildFile; fileRef = DB26CFDD27ABFE51007DB21A /* Main.storyboard */; };
		DB26CFE127ABFE53007DB21A /* Assets.xcassets in Resources */ = {isa = PBXBuildFile; fileRef = DB26CFE027ABFE53007DB21A /* Assets.xcassets */; };
		DB26CFE427ABFE53007DB21A /* LaunchScreen.storyboard in Resources */ = {isa = PBXBuildFile; fileRef = DB26CFE227ABFE53007DB21A /* LaunchScreen.storyboard */; };
		DB26CFEC27ABFFC5007DB21A /* DetailViewController.swift in Sources */ = {isa = PBXBuildFile; fileRef = DB26CFEB27ABFFC5007DB21A /* DetailViewController.swift */; };
		DB26CFEE27AC02AC007DB21A /* Items.swift in Sources */ = {isa = PBXBuildFile; fileRef = DB26CFED27AC02AC007DB21A /* Items.swift */; };
		DB26CFF227AC0ECC007DB21A /* ItemsCell.swift in Sources */ = {isa = PBXBuildFile; fileRef = DB26CFF127AC0ECC007DB21A /* ItemsCell.swift */; };
/* End PBXBuildFile section */

/* Begin PBXFileReference section */
		DB26CFD427ABFE51007DB21A /* challenge4.app */ = {isa = PBXFileReference; explicitFileType = wrapper.application; includeInIndex = 0; path = challenge4.app; sourceTree = BUILT_PRODUCTS_DIR; };
		DB26CFD727ABFE51007DB21A /* AppDelegate.swift */ = {isa = PBXFileReference; lastKnownFileType = sourcecode.swift; path = AppDelegate.swift; sourceTree = "<group>"; };
		DB26CFD927ABFE51007DB21A /* SceneDelegate.swift */ = {isa = PBXFileReference; lastKnownFileType = sourcecode.swift; path = SceneDelegate.swift; sourceTree = "<group>"; };
		DB26CFDB27ABFE51007DB21A /* ViewController.swift */ = {isa = PBXFileReference; lastKnownFileType = sourcecode.swift; path = ViewController.swift; sourceTree = "<group>"; };
		DB26CFDE27ABFE51007DB21A /* Base */ = {isa = PBXFileReference; lastKnownFileType = file.storyboard; name = Base; path = Base.lproj/Main.storyboard; sourceTree = "<group>"; };
		DB26CFE027ABFE53007DB21A /* Assets.xcassets */ = {isa = PBXFileReference; lastKnownFileType = folder.assetcatalog; path = Assets.xcassets; sourceTree = "<group>"; };
		DB26CFE327ABFE53007DB21A /* Base */ = {isa = PBXFileReference; lastKnownFileType = file.storyboard; name = Base; path = Base.lproj/LaunchScreen.storyboard; sourceTree = "<group>"; };
		DB26CFE527ABFE53007DB21A /* Info.plist */ = {isa = PBXFileReference; lastKnownFileType = text.plist.xml; path = Info.plist; sourceTree = "<group>"; };
		DB26CFEB27ABFFC5007DB21A /* DetailViewController.swift */ = {isa = PBXFileReference; lastKnownFileType = sourcecode.swift; path = DetailViewController.swift; sourceTree = "<group>"; };
		DB26CFED27AC02AC007DB21A /* Items.swift */ = {isa = PBXFileReference; lastKnownFileType = sourcecode.swift; path = Items.swift; sourceTree = "<group>"; };
		DB26CFF127AC0ECC007DB21A /* ItemsCell.swift */ = {isa = PBXFileReference; lastKnownFileType = sourcecode.swift; path = ItemsCell.swift; sourceTree = "<group>"; };
/* End PBXFileReference section */

/* Begin PBXFrameworksBuildPhase section */
		DB26CFD127ABFE51007DB21A /* Frameworks */ = {
			isa = PBXFrameworksBuildPhase;
			buildActionMask = 2147483647;
			files = (
			);
			runOnlyForDeploymentPostprocessing = 0;
		};
/* End PBXFrameworksBuildPhase section */

/* Begin PBXGroup section */
		DB26CFCB27ABFE51007DB21A = {
			isa = PBXGroup;
			children = (
				DB26CFD627ABFE51007DB21A /* challenge4 */,
				DB26CFD527ABFE51007DB21A /* Products */,
			);
			sourceTree = "<group>";
		};
		DB26CFD527ABFE51007DB21A /* Products */ = {
			isa = PBXGroup;
			children = (
				DB26CFD427ABFE51007DB21A /* challenge4.app */,
			);
			name = Products;
			sourceTree = "<group>";
		};
		DB26CFD627ABFE51007DB21A /* challenge4 */ = {
			isa = PBXGroup;
			children = (
				DB26CFD727ABFE51007DB21A /* AppDelegate.swift */,
				DB26CFD927ABFE51007DB21A /* SceneDelegate.swift */,
				DB26CFDB27ABFE51007DB21A /* ViewController.swift */,
				DB26CFEB27ABFFC5007DB21A /* DetailViewController.swift */,
				DB26CFED27AC02AC007DB21A /* Items.swift */,
				DB26CFF127AC0ECC007DB21A /* ItemsCell.swift */,
				DB26CFDD27ABFE51007DB21A /* Main.storyboard */,
				DB26CFE027ABFE53007DB21A /* Assets.xcassets */,
				DB26CFE227ABFE53007DB21A /* LaunchScreen.storyboard */,
				DB26CFE527ABFE53007DB21A /* Info.plist */,
			);
			path = challenge4;
			sourceTree = "<group>";
		};
/* End PBXGroup section */

/* Begin PBXNativeTarget section */
		DB26CFD327ABFE51007DB21A /* challenge4 */ = {
			isa = PBXNativeTarget;
			buildConfigurationList = DB26CFE827ABFE53007DB21A /* Build configuration list for PBXNativeTarget "challenge4" */;
			buildPhases = (
				DB26CFD027ABFE51007DB21A /* Sources */,
				DB26CFD127ABFE51007DB21A /* Frameworks */,
				DB26CFD227ABFE51007DB21A /* Resources */,
			);
			buildRules = (
			);
			dependencies = (
			);
			name = challenge4;
			productName = challenge4;
			productReference = DB26CFD427ABFE51007DB21A /* challenge4.app */;
			productType = "com.apple.product-type.application";
		};
/* End PBXNativeTarget section */

/* Begin PBXProject section */
		DB26CFCC27ABFE51007DB21A /* Project object */ = {
			isa = PBXProject;
			attributes = {
				BuildIndependentTargetsInParallel = 1;
				LastSwiftUpdateCheck = 1320;
				LastUpgradeCheck = 1320;
				TargetAttributes = {
					DB26CFD327ABFE51007DB21A = {
						CreatedOnToolsVersion = 13.2.1;
					};
				};
			};
			buildConfigurationList = DB26CFCF27ABFE51007DB21A /* Build configuration list for PBXProject "challenge4" */;
			compatibilityVersion = "Xcode 13.0";
			developmentRegion = en;
			hasScannedForEncodings = 0;
			knownRegions = (
				en,
				Base,
			);
			mainGroup = DB26CFCB27ABFE51007DB21A;
			productRefGroup = DB26CFD527ABFE51007DB21A /* Products */;
			projectDirPath = "";
			projectRoot = "";
			targets = (
				DB26CFD327ABFE51007DB21A /* challenge4 */,
			);
		};
/* End PBXProject section */

/* Begin PBXResourcesBuildPhase section */
		DB26CFD227ABFE51007DB21A /* Resources */ = {
			isa = PBXResourcesBuildPhase;
			buildActionMask = 2147483647;
			files = (
				DB26CFE427ABFE53007DB21A /* LaunchScreen.storyboard in Resources */,
				DB26CFE127ABFE53007DB21A /* Assets.xcassets in Resources */,
				DB26CFDF27ABFE51007DB21A /* Main.storyboard in Resources */,
			);
			runOnlyForDeploymentPostprocessing = 0;
		};
/* End PBXResourcesBuildPhase section */

/* Begin PBXSourcesBuildPhase section */
		DB26CFD027ABFE51007DB21A /* Sources */ = {
			isa = PBXSourcesBuildPhase;
			buildActionMask = 2147483647;
			files = (
				DB26CFDC27ABFE51007DB21A /* ViewController.swift in Sources */,
				DB26CFEE27AC02AC007DB21A /* Items.swift in Sources */,
				DB26CFD827ABFE51007DB21A /* AppDelegate.swift in Sources */,
				DB26CFDA27ABFE51007DB21A /* SceneDelegate.swift in Sources */,
				DB26CFF227AC0ECC007DB21A /* ItemsCell.swift in Sources */,
				DB26CFEC27ABFFC5007DB21A /* DetailViewController.swift in Sources */,
			);
			runOnlyForDeploymentPostprocessing = 0;
		};
/* End PBXSourcesBuildPhase section */

/* Begin PBXVariantGroup section */
		DB26CFDD27ABFE51007DB21A /* Main.storyboard */ = {
			isa = PBXVariantGroup;
			children = (
				DB26CFDE27ABFE51007DB21A /* Base */,
			);
			name = Main.storyboard;
			sourceTree = "<group>";
		};
		DB26CFE227ABFE53007DB21A /* LaunchScreen.storyboard */ = {
			isa = PBXVariantGroup;
			children = (
				DB26CFE327ABFE53007DB21A /* Base */,
			);
			name = LaunchScreen.storyboard;
			sourceTree = "<group>";
		};
/* End PBXVariantGroup section */

/* Begin XCBuildConfiguration section */
		DB26CFE627ABFE53007DB21A /* Debug */ = {
			isa = XCBuildConfiguration;
			buildSettings = {
				ALWAYS_SEARCH_USER_PATHS = NO;
				CLANG_ANALYZER_NONNULL = YES;
				CLANG_ANALYZER_NUMBER_OBJECT_CONVERSION = YES_AGGRESSIVE;
				CLANG_CXX_LANGUAGE_STANDARD = "gnu++17";
				CLANG_CXX_LIBRARY = "libc++";
				CLANG_ENABLE_MODULES = YES;
				CLANG_ENABLE_OBJC_ARC = YES;
				CLANG_ENABLE_OBJC_WEAK = YES;
				CLANG_WARN_BLOCK_CAPTURE_AUTORELEASING = YES;
				CLANG_WARN_BOOL_CONVERSION = YES;
				CLANG_WARN_COMMA = YES;
				CLANG_WARN_CONSTANT_CONVERSION = YES;
				CLANG_WARN_DEPRECATED_OBJC_IMPLEMENTATIONS = YES;
				CLANG_WARN_DIRECT_OBJC_ISA_USAGE = YES_ERROR;
				CLANG_WARN_DOCUMENTATION_COMMENTS = YES;
				CLANG_WARN_EMPTY_BODY = YES;
				CLANG_WARN_ENUM_CONVERSION = YES;
				CLANG_WARN_INFINITE_RECURSION = YES;
				CLANG_WARN_INT_CONVERSION = YES;
				CLANG_WARN_NON_LITERAL_NULL_CONVERSION = YES;
				CLANG_WARN_OBJC_IMPLICIT_RETAIN_SELF = YES;
				CLANG_WARN_OBJC_LITERAL_CONVERSION = YES;
				CLANG_WARN_OBJC_ROOT_CLASS = YES_ERROR;
				CLANG_WARN_QUOTED_INCLUDE_IN_FRAMEWORK_HEADER = YES;
				CLANG_WARN_RANGE_LOOP_ANALYSIS = YES;
				CLANG_WARN_STRICT_PROTOTYPES = YES;
				CLANG_WARN_SUSPICIOUS_MOVE = YES;
				CLANG_WARN_UNGUARDED_AVAILABILITY = YES_AGGRESSIVE;
				CLANG_WARN_UNREACHABLE_CODE = YES;
				CLANG_WARN__DUPLICATE_METHOD_MATCH = YES;
				COPY_PHASE_STRIP = NO;
				DEBUG_INFORMATION_FORMAT = dwarf;
				ENABLE_STRICT_OBJC_MSGSEND = YES;
				ENABLE_TESTABILITY = YES;
				GCC_C_LANGUAGE_STANDARD = gnu11;
				GCC_DYNAMIC_NO_PIC = NO;
				GCC_NO_COMMON_BLOCKS = YES;
				GCC_OPTIMIZATION_LEVEL = 0;
				GCC_PREPROCESSOR_DEFINITIONS = (
					"DEBUG=1",
					"$(inherited)",
				);
				GCC_WARN_64_TO_32_BIT_CONVERSION = YES;
				GCC_WARN_ABOUT_RETURN_TYPE = YES_ERROR;
				GCC_WARN_UNDECLARED_SELECTOR = YES;
				GCC_WARN_UNINITIALIZED_AUTOS = YES_AGGRESSIVE;
				GCC_WARN_UNUSED_FUNCTION = YES;
				GCC_WARN_UNUSED_VARIABLE = YES;
				IPHONEOS_DEPLOYMENT_TARGET = 15.2;
				MTL_ENABLE_DEBUG_INFO = INCLUDE_SOURCE;
				MTL_FAST_MATH = YES;
				ONLY_ACTIVE_ARCH = YES;
				SDKROOT = iphoneos;
				SWIFT_ACTIVE_COMPILATION_CONDITIONS = DEBUG;
				SWIFT_OPTIMIZATION_LEVEL = "-Onone";
			};
			name = Debug;
		};
		DB26CFE727ABFE53007DB21A /* Release */ = {
			isa = XCBuildConfiguration;
			buildSettings = {
				ALWAYS_SEARCH_USER_PATHS = NO;
				CLANG_ANALYZER_NONNULL = YES;
				CLANG_ANALYZER_NUMBER_OBJECT_CONVERSION = YES_AGGRESSIVE;
				CLANG_CXX_LANGUAGE_STANDARD = "gnu++17";
				CLANG_CXX_LIBRARY = "libc++";
				CLANG_ENABLE_MODULES = YES;
				CLANG_ENABLE_OBJC_ARC = YES;
				CLANG_ENABLE_OBJC_WEAK = YES;
				CLANG_WARN_BLOCK_CAPTURE_AUTORELEASING = YES;
				CLANG_WARN_BOOL_CONVERSION = YES;
				CLANG_WARN_COMMA = YES;
				CLANG_WARN_CONSTANT_CONVERSION = YES;
				CLANG_WARN_DEPRECATED_OBJC_IMPLEMENTATIONS = YES;
				CLANG_WARN_DIRECT_OBJC_ISA_USAGE = YES_ERROR;
				CLANG_WARN_DOCUMENTATION_COMMENTS = YES;
				CLANG_WARN_EMPTY_BODY = YES;
				CLANG_WARN_ENUM_CONVERSION = YES;
				CLANG_WARN_INFINITE_RECURSION = YES;
				CLANG_WARN_INT_CONVERSION = YES;
				CLANG_WARN_NON_LITERAL_NULL_CONVERSION = YES;
				CLANG_WARN_OBJC_IMPLICIT_RETAIN_SELF = YES;
				CLANG_WARN_OBJC_LITERAL_CONVERSION = YES;
				CLANG_WARN_OBJC_ROOT_CLASS = YES_ERROR;
				CLANG_WARN_QUOTED_INCLUDE_IN_FRAMEWORK_HEADER = YES;
				CLANG_WARN_RANGE_LOOP_ANALYSIS = YES;
				CLANG_WARN_STRICT_PROTOTYPES = YES;
				CLANG_WARN_SUSPICIOUS_MOVE = YES;
				CLANG_WARN_UNGUARDED_AVAILABILITY = YES_AGGRESSIVE;
				CLANG_WARN_UNREACHABLE_CODE = YES;
				CLANG_WARN__DUPLICATE_METHOD_MATCH = YES;
				COPY_PHASE_STRIP = NO;
				DEBUG_INFORMATION_FORMAT = "dwarf-with-dsym";
				ENABLE_NS_ASSERTIONS = NO;
				ENABLE_STRICT_OBJC_MSGSEND = YES;
				GCC_C_LANGUAGE_STANDARD = gnu11;
				GCC_NO_COMMON_BLOCKS = YES;
				GCC_WARN_64_TO_32_BIT_CONVERSION = YES;
				GCC_WARN_ABOUT_RETURN_TYPE = YES_ERROR;
				GCC_WARN_UNDECLARED_SELECTOR = YES;
				GCC_WARN_UNINITIALIZED_AUTOS = YES_AGGRESSIVE;
				GCC_WARN_UNUSED_FUNCTION = YES;
				GCC_WARN_UNUSED_VARIABLE = YES;
				IPHONEOS_DEPLOYMENT_TARGET = 15.2;
				MTL_ENABLE_DEBUG_INFO = NO;
				MTL_FAST_MATH = YES;
				SDKROOT = iphoneos;
				SWIFT_COMPILATION_MODE = wholemodule;
				SWIFT_OPTIMIZATION_LEVEL = "-O";
				VALIDATE_PRODUCT = YES;
			};
			name = Release;
		};
		DB26CFE927ABFE53007DB21A /* Debug */ = {
			isa = XCBuildConfiguration;
			buildSettings = {
				ASSETCATALOG_COMPILER_APPICON_NAME = AppIcon;
				ASSETCATALOG_COMPILER_GLOBAL_ACCENT_COLOR_NAME = AccentColor;
				CODE_SIGN_STYLE = Automatic;
				CURRENT_PROJECT_VERSION = 1;
				GENERATE_INFOPLIST_FILE = YES;
				INFOPLIST_FILE = challenge4/Info.plist;
				INFOPLIST_KEY_UIApplicationSupportsIndirectInputEvents = YES;
				INFOPLIST_KEY_UILaunchStoryboardName = LaunchScreen;
				INFOPLIST_KEY_UIMainStoryboardFile = Main;
				INFOPLIST_KEY_UISupportedInterfaceOrientations_iPad = "UIInterfaceOrientationPortrait UIInterfaceOrientationPortraitUpsideDown UIInterfaceOrientationLandscapeLeft UIInterfaceOrientationLandscapeRight";
				INFOPLIST_KEY_UISupportedInterfaceOrientations_iPhone = "UIInterfaceOrientationPortrait UIInterfaceOrientationLandscapeLeft UIInterfaceOrientationLandscapeRight";
				LD_RUNPATH_SEARCH_PATHS = (
					"$(inherited)",
					"@executable_path/Frameworks",
				);
				MARKETING_VERSION = 1.0;
				PRODUCT_BUNDLE_IDENTIFIER = com.example.challenge4;
				PRODUCT_NAME = "$(TARGET_NAME)";
				SWIFT_EMIT_LOC_STRINGS = YES;
				SWIFT_VERSION = 5.0;
				TARGETED_DEVICE_FAMILY = "1,2";
			};
			name = Debug;
		};
		DB26CFEA27ABFE53007DB21A /* Release */ = {
			isa = XCBuildConfiguration;
			buildSettings = {
				ASSETCATALOG_COMPILER_APPICON_NAME = AppIcon;
				ASSETCATALOG_COMPILER_GLOBAL_ACCENT_COLOR_NAME = AccentColor;
				CODE_SIGN_STYLE = Automatic;
				CURRENT_PROJECT_VERSION = 1;
				GENERATE_INFOPLIST_FILE = YES;
				INFOPLIST_FILE = challenge4/Info.plist;
				INFOPLIST_KEY_UIApplicationSupportsIndirectInputEvents = YES;
				INFOPLIST_KEY_UILaunchStoryboardName = LaunchScreen;
				INFOPLIST_KEY_UIMainStoryboardFile = Main;
				INFOPLIST_KEY_UISupportedInterfaceOrientations_iPad = "UIInterfaceOrientationPortrait UIInterfaceOrientationPortraitUpsideDown UIInterfaceOrientationLandscapeLeft UIInterfaceOrientationLandscapeRight";
				INFOPLIST_KEY_UISupportedInterfaceOrientations_iPhone = "UIInterfaceOrientationPortrait UIInterfaceOrientationLandscapeLeft UIInterfaceOrientationLandscapeRight";
				LD_RUNPATH_SEARCH_PATHS = (
					"$(inherited)",
					"@executable_path/Frameworks",
				);
				MARKETING_VERSION = 1.0;
				PRODUCT_BUNDLE_IDENTIFIER = com.example.challenge4;
				PRODUCT_NAME = "$(TARGET_NAME)";
				SWIFT_EMIT_LOC_STRINGS = YES;
				SWIFT_VERSION = 5.0;
				TARGETED_DEVICE_FAMILY = "1,2";
			};
			name = Release;
		};
/* End XCBuildConfiguration section */

/* Begin XCConfigurationList section */
		DB26CFCF27ABFE51007DB21A /* Build configuration list for PBXProject "challenge4" */ = {
			isa = XCConfigurationList;
			buildConfigurations = (
				DB26CFE627ABFE53007DB21A /* Debug */,
				DB26CFE727ABFE53007DB21A /* Release */,
			);
			defaultConfigurationIsVisible = 0;
			defaultConfigurationName = Release;
		};
		DB26CFE827ABFE53007DB21A /* Build configuration list for PBXNativeTarget "challenge4" */ = {
			isa = XCConfigurationList;
			buildConfigurations = (
				DB26CFE927ABFE53007DB21A /* Debug */,
				DB26CFEA27ABFE53007DB21A /* Release */,
			);
			defaultConfigurationIsVisible = 0;
			defaultConfigurationName = Release;
		};
/* End XCConfigurationList section */
	};
	rootObject = DB26CFCC27ABFE51007DB21A /* Project object */;
}
